
Microsoft Visual Studio Solution File, Format Version 12.00
# Visual Studio 15
VisualStudioVersion = 15.0.28307.329
MinimumVisualStudioVersion = 10.0.40219.1
Project("{FAE04EC0-301F-11D3-BF4B-00C04F79EFBC}") = "task3", "task3\task3.csproj", "{2C5EDDAE-B3C5-4B6E-B9BC-A0D905ACE9B2}"
EndProject
Global
	GlobalSection(SolutionConfigurationPlatforms) = preSolution
		Debug|Any CPU = Debug|Any CPU
		Release|Any CPU = Release|Any CPU
	EndGlobalSection
	GlobalSection(ProjectConfigurationPlatforms) = postSolution
		{2C5EDDAE-B3C5-4B6E-B9BC-A0D905ACE9B2}.Debug|Any CPU.ActiveCfg = Debug|Any CPU
		{2C5EDDAE-B3C5-4B6E-B9BC-A0D905ACE9B2}.Debug|Any CPU.Build.0 = Debug|Any CPU
		{2C5EDDAE-B3C5-4B6E-B9BC-A0D905ACE9B2}.Release|Any CPU.ActiveCfg = Release|Any CPU
		{2C5EDDAE-B3C5-4B6E-B9BC-A0D905ACE9B2}.Release|Any CPU.Build.0 = Release|Any CPU
	EndGlobalSection
	GlobalSection(SolutionProperties) = preSolution
		HideSolutionNode = FALSE
	EndGlobalSection
	GlobalSection(ExtensibilityGlobals) = postSolution
		SolutionGuid = {D63030F4-3808-49D5-B9E2-09625ACF972D}
	EndGlobalSection
EndGlobal
